
Microsoft Visual Studio Solution File, Format Version 12.00
# Visual Studio Version 16
VisualStudioVersion = 16.0.29209.62
MinimumVisualStudioVersion = 10.0.40219.1
Project("{9A19103F-16F7-4668-BE54-9A1E7A4F7556}") = "example-html-to-pdf-dotnet", "example-html-to-pdf-dotnet.csproj", "{02B5D99F-141E-4822-965F-7CE87AE362B3}"
EndProject
Global
	GlobalSection(SolutionConfigurationPlatforms) = preSolution
		Debug|Any CPU = Debug|Any CPU
		Release|Any CPU = Release|Any CPU
	EndGlobalSection
	GlobalSection(ProjectConfigurationPlatforms) = postSolution
		{02B5D99F-141E-4822-965F-7CE87AE362B3}.Debug|Any CPU.ActiveCfg = Debug|Any CPU
		{02B5D99F-141E-4822-965F-7CE87AE362B3}.Debug|Any CPU.Build.0 = Debug|Any CPU
		{02B5D99F-141E-4822-965F-7CE87AE362B3}.Release|Any CPU.ActiveCfg = Release|Any CPU
		{02B5D99F-141E-4822-965F-7CE87AE362B3}.Release|Any CPU.Build.0 = Release|Any CPU
	EndGlobalSection
	GlobalSection(SolutionProperties) = preSolution
		HideSolutionNode = FALSE
	EndGlobalSection
	GlobalSection(ExtensibilityGlobals) = postSolution
		SolutionGuid = {F7011646-1559-49D3-B58C-03333C57A54D}
	EndGlobalSection
EndGlobal
